
Microsoft Visual Studio Solution File, Format Version 12.00
# Visual Studio Version 17
VisualStudioVersion = 17.5.33414.496
MinimumVisualStudioVersion = 10.0.40219.1
Project("{FAE04EC0-301F-11D3-BF4B-00C04F79EFBC}") = "CnCuadrado", "CnCuadrado\CnCuadrado.csproj", "{436264DE-9D87-4F2A-9D2E-BAA38AFBA46D}"
EndProject
Global
	GlobalSection(SolutionConfigurationPlatforms) = preSolution
		Debug|Any CPU = Debug|Any CPU
		Release|Any CPU = Release|Any CPU
	EndGlobalSection
	GlobalSection(ProjectConfigurationPlatforms) = postSolution
		{436264DE-9D87-4F2A-9D2E-BAA38AFBA46D}.Debug|Any CPU.ActiveCfg = Debug|Any CPU
		{436264DE-9D87-4F2A-9D2E-BAA38AFBA46D}.Debug|Any CPU.Build.0 = Debug|Any CPU
		{436264DE-9D87-4F2A-9D2E-BAA38AFBA46D}.Release|Any CPU.ActiveCfg = Release|Any CPU
		{436264DE-9D87-4F2A-9D2E-BAA38AFBA46D}.Release|Any CPU.Build.0 = Release|Any CPU
	EndGlobalSection
	GlobalSection(SolutionProperties) = preSolution
		HideSolutionNode = FALSE
	EndGlobalSection
	GlobalSection(ExtensibilityGlobals) = postSolution
		SolutionGuid = {657A1F49-2D2F-4D52-91D0-448CA53A3983}
	EndGlobalSection
EndGlobal
